
Microsoft Visual Studio Solution File, Format Version 12.00
# Visual Studio Version 17
VisualStudioVersion = 17.7.34031.279
MinimumVisualStudioVersion = 10.0.40219.1
Project("{FAE04EC0-301F-11D3-BF4B-00C04F79EFBC}") = "SehirTahminOyunu", "SehirTahminOyunu.csproj", "{DAA192CC-AAFA-4E22-ADAF-D6B33A4E5867}"
EndProject
Global
	GlobalSection(SolutionConfigurationPlatforms) = preSolution
		Debug|Any CPU = Debug|Any CPU
		Release|Any CPU = Release|Any CPU
	EndGlobalSection
	GlobalSection(ProjectConfigurationPlatforms) = postSolution
		{DAA192CC-AAFA-4E22-ADAF-D6B33A4E5867}.Debug|Any CPU.ActiveCfg = Debug|Any CPU
		{DAA192CC-AAFA-4E22-ADAF-D6B33A4E5867}.Debug|Any CPU.Build.0 = Debug|Any CPU
		{DAA192CC-AAFA-4E22-ADAF-D6B33A4E5867}.Release|Any CPU.ActiveCfg = Release|Any CPU
		{DAA192CC-AAFA-4E22-ADAF-D6B33A4E5867}.Release|Any CPU.Build.0 = Release|Any CPU
	EndGlobalSection
	GlobalSection(SolutionProperties) = preSolution
		HideSolutionNode = FALSE
	EndGlobalSection
	GlobalSection(ExtensibilityGlobals) = postSolution
		SolutionGuid = {4DD69240-247C-478B-9E01-A5FBC0FB04ED}
	EndGlobalSection
EndGlobal
